// !$*UTF8*$!
{
	archiveVersion = 1;
	classes = {
	};
	objectVersion = 46;
	objects = {

/* Begin PBXBuildFile section */
		7E4C0BDA1F1753CF007E1B8F /* World.cpp in Sources */ = {isa = PBXBuildFile; fileRef = 7E4C0BD81F1753CF007E1B8F /* World.cpp */; };
		7EA398471F08FA110052C868 /* main.cpp in Sources */ = {isa = PBXBuildFile; fileRef = 7EA398461F08FA110052C868 /* main.cpp */; };
		7EA3984F1F08FA4E0052C868 /* OpenGL.framework in Frameworks */ = {isa = PBXBuildFile; fileRef = 7EA3984E1F08FA4E0052C868 /* OpenGL.framework */; };
		7EA398511F08FA560052C868 /* GLUT.framework in Frameworks */ = {isa = PBXBuildFile; fileRef = 7EA398501F08FA560052C868 /* GLUT.framework */; };
		7EA398551F09E7AD0052C868 /* libglfw.3.2.dylib in Frameworks */ = {isa = PBXBuildFile; fileRef = 7EA398541F09E7AD0052C868 /* libglfw.3.2.dylib */; };
		7EA398571F09E7DF0052C868 /* libGLEW.2.0.0.dylib in Frameworks */ = {isa = PBXBuildFile; fileRef = 7EA398561F09E7DF0052C868 /* libGLEW.2.0.0.dylib */; };
		7EA398731F0B81F30052C868 /* MovingSystem.cpp in Sources */ = {isa = PBXBuildFile; fileRef = 7EA398711F0B81F30052C868 /* MovingSystem.cpp */; };
		7EB72A741F1C9B90004B64FD /* Component.cpp in Sources */ = {isa = PBXBuildFile; fileRef = 7EB72A721F1C9B90004B64FD /* Component.cpp */; };
/* End PBXBuildFile section */

/* Begin PBXCopyFilesBuildPhase section */
		7EA398411F08FA110052C868 /* CopyFiles */ = {
			isa = PBXCopyFilesBuildPhase;
			buildActionMask = 2147483647;
			dstPath = /usr/share/man/man1/;
			dstSubfolderSpec = 0;
			files = (
			);
			runOnlyForDeploymentPostprocessing = 1;
		};
/* End PBXCopyFilesBuildPhase section */

/* Begin PBXFileReference section */
		7E4C0BD81F1753CF007E1B8F /* World.cpp */ = {isa = PBXFileReference; fileEncoding = 4; lastKnownFileType = sourcecode.cpp.cpp; path = World.cpp; sourceTree = "<group>"; };
		7E4C0BD91F1753CF007E1B8F /* World.hpp */ = {isa = PBXFileReference; fileEncoding = 4; lastKnownFileType = sourcecode.cpp.h; path = World.hpp; sourceTree = "<group>"; };
		7EA398431F08FA110052C868 /* Halo_Engine */ = {isa = PBXFileReference; explicitFileType = "compiled.mach-o.executable"; includeInIndex = 0; path = Halo_Engine; sourceTree = BUILT_PRODUCTS_DIR; };
		7EA398461F08FA110052C868 /* main.cpp */ = {isa = PBXFileReference; lastKnownFileType = sourcecode.cpp.cpp; path = main.cpp; sourceTree = "<group>"; };
		7EA3984E1F08FA4E0052C868 /* OpenGL.framework */ = {isa = PBXFileReference; lastKnownFileType = wrapper.framework; name = OpenGL.framework; path = System/Library/Frameworks/OpenGL.framework; sourceTree = SDKROOT; };
		7EA398501F08FA560052C868 /* GLUT.framework */ = {isa = PBXFileReference; lastKnownFileType = wrapper.framework; name = GLUT.framework; path = System/Library/Frameworks/GLUT.framework; sourceTree = SDKROOT; };
		7EA398521F09E73E0052C868 /* lib */ = {isa = PBXFileReference; lastKnownFileType = folder; name = lib; path = ../../../../../usr/local/Cellar/glfw/3.2.1/lib; sourceTree = "<group>"; };
		7EA398541F09E7AD0052C868 /* libglfw.3.2.dylib */ = {isa = PBXFileReference; lastKnownFileType = "compiled.mach-o.dylib"; name = libglfw.3.2.dylib; path = ../../../../../usr/local/Cellar/glfw/3.2.1/lib/libglfw.3.2.dylib; sourceTree = "<group>"; };
		7EA398561F09E7DF0052C868 /* libGLEW.2.0.0.dylib */ = {isa = PBXFileReference; lastKnownFileType = "compiled.mach-o.dylib"; name = libGLEW.2.0.0.dylib; path = ../../../../../usr/local/Cellar/glew/2.0.0/lib/libGLEW.2.0.0.dylib; sourceTree = "<group>"; };
		7EA3985A1F0B1BF00052C868 /* Transform.hpp */ = {isa = PBXFileReference; fileEncoding = 4; lastKnownFileType = sourcecode.cpp.h; path = Transform.hpp; sourceTree = "<group>"; };
		7EA398601F0B1E7D0052C868 /* Velocity.hpp */ = {isa = PBXFileReference; fileEncoding = 4; lastKnownFileType = sourcecode.cpp.h; path = Velocity.hpp; sourceTree = "<group>"; };
		7EA3986E1F0B81570052C868 /* ISystem.hpp */ = {isa = PBXFileReference; fileEncoding = 4; lastKnownFileType = sourcecode.cpp.h; path = ISystem.hpp; sourceTree = "<group>"; };
		7EA398711F0B81F30052C868 /* MovingSystem.cpp */ = {isa = PBXFileReference; fileEncoding = 4; lastKnownFileType = sourcecode.cpp.cpp; path = MovingSystem.cpp; sourceTree = "<group>"; };
		7EA398721F0B81F30052C868 /* MovingSystem.hpp */ = {isa = PBXFileReference; fileEncoding = 4; lastKnownFileType = sourcecode.cpp.h; path = MovingSystem.hpp; sourceTree = "<group>"; };
		7EB72A721F1C9B90004B64FD /* Component.cpp */ = {isa = PBXFileReference; fileEncoding = 4; lastKnownFileType = sourcecode.cpp.cpp; path = Component.cpp; sourceTree = "<group>"; };
		7EB72A731F1C9B90004B64FD /* Component.hpp */ = {isa = PBXFileReference; fileEncoding = 4; lastKnownFileType = sourcecode.cpp.h; path = Component.hpp; sourceTree = "<group>"; };
/* End PBXFileReference section */

/* Begin PBXFrameworksBuildPhase section */
		7EA398401F08FA110052C868 /* Frameworks */ = {
			isa = PBXFrameworksBuildPhase;
			buildActionMask = 2147483647;
			files = (
				7EA398571F09E7DF0052C868 /* libGLEW.2.0.0.dylib in Frameworks */,
				7EA398551F09E7AD0052C868 /* libglfw.3.2.dylib in Frameworks */,
				7EA398511F08FA560052C868 /* GLUT.framework in Frameworks */,
				7EA3984F1F08FA4E0052C868 /* OpenGL.framework in Frameworks */,
			);
			runOnlyForDeploymentPostprocessing = 0;
		};
/* End PBXFrameworksBuildPhase section */

/* Begin PBXGroup section */
		7EA3983A1F08FA110052C868 = {
			isa = PBXGroup;
			children = (
				7EA398701F0B81D90052C868 /* Systems */,
				7EA3985C1F0B1D170052C868 /* Components */,
				7EA398581F0A43530052C868 /* Core */,
				7EA398451F08FA110052C868 /* Halo_Engine */,
				7EA398441F08FA110052C868 /* Products */,
				7EA3984D1F08FA4E0052C868 /* Frameworks */,
			);
			sourceTree = "<group>";
		};
		7EA398441F08FA110052C868 /* Products */ = {
			isa = PBXGroup;
			children = (
				7EA398431F08FA110052C868 /* Halo_Engine */,
			);
			name = Products;
			sourceTree = "<group>";
		};
		7EA398451F08FA110052C868 /* Halo_Engine */ = {
			isa = PBXGroup;
			children = (
				7EA398461F08FA110052C868 /* main.cpp */,
			);
			path = Halo_Engine;
			sourceTree = "<group>";
		};
		7EA3984D1F08FA4E0052C868 /* Frameworks */ = {
			isa = PBXGroup;
			children = (
				7EA398561F09E7DF0052C868 /* libGLEW.2.0.0.dylib */,
				7EA398541F09E7AD0052C868 /* libglfw.3.2.dylib */,
				7EA398521F09E73E0052C868 /* lib */,
				7EA398501F08FA560052C868 /* GLUT.framework */,
				7EA3984E1F08FA4E0052C868 /* OpenGL.framework */,
			);
			name = Frameworks;
			sourceTree = "<group>";
		};
		7EA398581F0A43530052C868 /* Core */ = {
			isa = PBXGroup;
			children = (
				7EA3986E1F0B81570052C868 /* ISystem.hpp */,
				7E4C0BD81F1753CF007E1B8F /* World.cpp */,
				7E4C0BD91F1753CF007E1B8F /* World.hpp */,
				7EB72A721F1C9B90004B64FD /* Component.cpp */,
				7EB72A731F1C9B90004B64FD /* Component.hpp */,
			);
			name = Core;
			sourceTree = "<group>";
		};
		7EA3985C1F0B1D170052C868 /* Components */ = {
			isa = PBXGroup;
			children = (
				7EA3985A1F0B1BF00052C868 /* Transform.hpp */,
				7EA398601F0B1E7D0052C868 /* Velocity.hpp */,
			);
			name = Components;
			sourceTree = "<group>";
		};
		7EA398701F0B81D90052C868 /* Systems */ = {
			isa = PBXGroup;
			children = (
				7EA398741F0B81FB0052C868 /* Moving */,
			);
			name = Systems;
			sourceTree = "<group>";
		};
		7EA398741F0B81FB0052C868 /* Moving */ = {
			isa = PBXGroup;
			children = (
				7EA398711F0B81F30052C868 /* MovingSystem.cpp */,
				7EA398721F0B81F30052C868 /* MovingSystem.hpp */,
			);
			name = Moving;
			sourceTree = "<group>";
		};
/* End PBXGroup section */

/* Begin PBXNativeTarget section */
		7EA398421F08FA110052C868 /* Halo_Engine */ = {
			isa = PBXNativeTarget;
			buildConfigurationList = 7EA3984A1F08FA110052C868 /* Build configuration list for PBXNativeTarget "Halo_Engine" */;
			buildPhases = (
				7EA3983F1F08FA110052C868 /* Sources */,
				7EA398401F08FA110052C868 /* Frameworks */,
				7EA398411F08FA110052C868 /* CopyFiles */,
			);
			buildRules = (
			);
			dependencies = (
			);
			name = Halo_Engine;
			productName = Halo_Engine;
			productReference = 7EA398431F08FA110052C868 /* Halo_Engine */;
			productType = "com.apple.product-type.tool";
		};
/* End PBXNativeTarget section */

/* Begin PBXProject section */
		7EA3983B1F08FA110052C868 /* Project object */ = {
			isa = PBXProject;
			attributes = {
				LastUpgradeCheck = 0830;
				ORGANIZATIONNAME = SparkLight;
				TargetAttributes = {
					7EA398421F08FA110052C868 = {
						CreatedOnToolsVersion = 8.3.3;
						ProvisioningStyle = Automatic;
					};
				};
			};
			buildConfigurationList = 7EA3983E1F08FA110052C868 /* Build configuration list for PBXProject "Halo_Engine" */;
			compatibilityVersion = "Xcode 3.2";
			developmentRegion = English;
			hasScannedForEncodings = 0;
			knownRegions = (
				en,
			);
			mainGroup = 7EA3983A1F08FA110052C868;
			productRefGroup = 7EA398441F08FA110052C868 /* Products */;
			projectDirPath = "";
			projectRoot = "";
			targets = (
				7EA398421F08FA110052C868 /* Halo_Engine */,
			);
		};
/* End PBXProject section */

/* Begin PBXSourcesBuildPhase section */
		7EA3983F1F08FA110052C868 /* Sources */ = {
			isa = PBXSourcesBuildPhase;
			buildActionMask = 2147483647;
			files = (
				7EA398471F08FA110052C868 /* main.cpp in Sources */,
				7EB72A741F1C9B90004B64FD /* Component.cpp in Sources */,
				7EA398731F0B81F30052C868 /* MovingSystem.cpp in Sources */,
				7E4C0BDA1F1753CF007E1B8F /* World.cpp in Sources */,
			);
			runOnlyForDeploymentPostprocessing = 0;
		};
/* End PBXSourcesBuildPhase section */

/* Begin XCBuildConfiguration section */
		7EA398481F08FA110052C868 /* Debug */ = {
			isa = XCBuildConfiguration;
			buildSettings = {
				ALWAYS_SEARCH_USER_PATHS = NO;
				CLANG_ANALYZER_NONNULL = YES;
				CLANG_ANALYZER_NUMBER_OBJECT_CONVERSION = YES_AGGRESSIVE;
				CLANG_CXX_LANGUAGE_STANDARD = "gnu++0x";
				CLANG_CXX_LIBRARY = "libc++";
				CLANG_ENABLE_MODULES = YES;
				CLANG_ENABLE_OBJC_ARC = YES;
				CLANG_WARN_BOOL_CONVERSION = YES;
				CLANG_WARN_CONSTANT_CONVERSION = YES;
				CLANG_WARN_DIRECT_OBJC_ISA_USAGE = YES_ERROR;
				CLANG_WARN_DOCUMENTATION_COMMENTS = YES;
				CLANG_WARN_EMPTY_BODY = YES;
				CLANG_WARN_ENUM_CONVERSION = YES;
				CLANG_WARN_INFINITE_RECURSION = YES;
				CLANG_WARN_INT_CONVERSION = YES;
				CLANG_WARN_OBJC_ROOT_CLASS = YES_ERROR;
				CLANG_WARN_SUSPICIOUS_MOVE = YES;
				CLANG_WARN_UNREACHABLE_CODE = YES;
				CLANG_WARN__DUPLICATE_METHOD_MATCH = YES;
				CODE_SIGN_IDENTITY = "-";
				COPY_PHASE_STRIP = NO;
				DEBUG_INFORMATION_FORMAT = dwarf;
				ENABLE_STRICT_OBJC_MSGSEND = YES;
				ENABLE_TESTABILITY = YES;
				GCC_C_LANGUAGE_STANDARD = gnu99;
				GCC_DYNAMIC_NO_PIC = NO;
				GCC_NO_COMMON_BLOCKS = YES;
				GCC_OPTIMIZATION_LEVEL = 0;
				GCC_PREPROCESSOR_DEFINITIONS = (
					"DEBUG=1",
					"$(inherited)",
				);
				GCC_WARN_64_TO_32_BIT_CONVERSION = YES;
				GCC_WARN_ABOUT_RETURN_TYPE = YES_ERROR;
				GCC_WARN_UNDECLARED_SELECTOR = YES;
				GCC_WARN_UNINITIALIZED_AUTOS = YES_AGGRESSIVE;
				GCC_WARN_UNUSED_FUNCTION = YES;
				GCC_WARN_UNUSED_VARIABLE = YES;
				MACOSX_DEPLOYMENT_TARGET = 10.12;
				MTL_ENABLE_DEBUG_INFO = YES;
				ONLY_ACTIVE_ARCH = YES;
				SDKROOT = macosx;
			};
			name = Debug;
		};
		7EA398491F08FA110052C868 /* Release */ = {
			isa = XCBuildConfiguration;
			buildSettings = {
				ALWAYS_SEARCH_USER_PATHS = NO;
				CLANG_ANALYZER_NONNULL = YES;
				CLANG_ANALYZER_NUMBER_OBJECT_CONVERSION = YES_AGGRESSIVE;
				CLANG_CXX_LANGUAGE_STANDARD = "gnu++0x";
				CLANG_CXX_LIBRARY = "libc++";
				CLANG_ENABLE_MODULES = YES;
				CLANG_ENABLE_OBJC_ARC = YES;
				CLANG_WARN_BOOL_CONVERSION = YES;
				CLANG_WARN_CONSTANT_CONVERSION = YES;
				CLANG_WARN_DIRECT_OBJC_ISA_USAGE = YES_ERROR;
				CLANG_WARN_DOCUMENTATION_COMMENTS = YES;
				CLANG_WARN_EMPTY_BODY = YES;
				CLANG_WARN_ENUM_CONVERSION = YES;
				CLANG_WARN_INFINITE_RECURSION = YES;
				CLANG_WARN_INT_CONVERSION = YES;
				CLANG_WARN_OBJC_ROOT_CLASS = YES_ERROR;
				CLANG_WARN_SUSPICIOUS_MOVE = YES;
				CLANG_WARN_UNREACHABLE_CODE = YES;
				CLANG_WARN__DUPLICATE_METHOD_MATCH = YES;
				CODE_SIGN_IDENTITY = "-";
				COPY_PHASE_STRIP = NO;
				DEBUG_INFORMATION_FORMAT = "dwarf-with-dsym";
				ENABLE_NS_ASSERTIONS = NO;
				ENABLE_STRICT_OBJC_MSGSEND = YES;
				GCC_C_LANGUAGE_STANDARD = gnu99;
				GCC_NO_COMMON_BLOCKS = YES;
				GCC_WARN_64_TO_32_BIT_CONVERSION = YES;
				GCC_WARN_ABOUT_RETURN_TYPE = YES_ERROR;
				GCC_WARN_UNDECLARED_SELECTOR = YES;
				GCC_WARN_UNINITIALIZED_AUTOS = YES_AGGRESSIVE;
				GCC_WARN_UNUSED_FUNCTION = YES;
				GCC_WARN_UNUSED_VARIABLE = YES;
				MACOSX_DEPLOYMENT_TARGET = 10.12;
				MTL_ENABLE_DEBUG_INFO = NO;
				SDKROOT = macosx;
			};
			name = Release;
		};
		7EA3984B1F08FA110052C868 /* Debug */ = {
			isa = XCBuildConfiguration;
			buildSettings = {
				"HEADER_SEARCH_PATHS[arch=*]" = /usr/local/include;
				LIBRARY_SEARCH_PATHS = (
					"$(inherited)",
					/usr/local/Cellar/glfw/3.2.1/lib,
					/usr/local/Cellar/glew/2.0.0/lib,
				);
				PRODUCT_NAME = "$(TARGET_NAME)";
			};
			name = Debug;
		};
		7EA3984C1F08FA110052C868 /* Release */ = {
			isa = XCBuildConfiguration;
			buildSettings = {
				LIBRARY_SEARCH_PATHS = (
					"$(inherited)",
					/usr/local/Cellar/glfw/3.2.1/lib,
					/usr/local/Cellar/glew/2.0.0/lib,
				);
				PRODUCT_NAME = "$(TARGET_NAME)";
			};
			name = Release;
		};
/* End XCBuildConfiguration section */

/* Begin XCConfigurationList section */
		7EA3983E1F08FA110052C868 /* Build configuration list for PBXProject "Halo_Engine" */ = {
			isa = XCConfigurationList;
			buildConfigurations = (
				7EA398481F08FA110052C868 /* Debug */,
				7EA398491F08FA110052C868 /* Release */,
			);
			defaultConfigurationIsVisible = 0;
			defaultConfigurationName = Release;
		};
		7EA3984A1F08FA110052C868 /* Build configuration list for PBXNativeTarget "Halo_Engine" */ = {
			isa = XCConfigurationList;
			buildConfigurations = (
				7EA3984B1F08FA110052C868 /* Debug */,
				7EA3984C1F08FA110052C868 /* Release */,
			);
			defaultConfigurationIsVisible = 0;
			defaultConfigurationName = Release;
		};
/* End XCConfigurationList section */
	};
	rootObject = 7EA3983B1F08FA110052C868 /* Project object */;
}
